// !$*UTF8*$!
{
	archiveVersion = 1;
	classes = {
	};
	objectVersion = 56;
	objects = {

/* Begin PBXBuildFile section */
		9F6E31CD295458AC00523739 /* IBMPlexSans-Medium.ttf in Resources */ = {isa = PBXBuildFile; fileRef = 9F6E31C02954589400523739 /* IBMPlexSans-Medium.ttf */; };
		9F6E31D4295458AC00523739 /* IBMPlexSans-Regular.ttf in Resources */ = {isa = PBXBuildFile; fileRef = 9F6E31C62954589400523739 /* IBMPlexSans-Regular.ttf */; };
		9F6E31D6295458AC00523739 /* IBMPlexSans-SemiBold.ttf in Resources */ = {isa = PBXBuildFile; fileRef = 9F6E31C42954589400523739 /* IBMPlexSans-SemiBold.ttf */; };
		9F6E31DC295490BC00523739 /* AreaModel.swift in Sources */ = {isa = PBXBuildFile; fileRef = 9F6E31DB295490BC00523739 /* AreaModel.swift */; };
		9F6E31DE295490F400523739 /* PackageModel.swift in Sources */ = {isa = PBXBuildFile; fileRef = 9F6E31DD295490F400523739 /* PackageModel.swift */; };
		9F6E31E4295498DA00523739 /* Fonts+Custom.swift in Sources */ = {isa = PBXBuildFile; fileRef = 9F6E31E3295498DA00523739 /* Fonts+Custom.swift */; };
		9F6E31E629549B5E00523739 /* Colors+Custom.swift in Sources */ = {isa = PBXBuildFile; fileRef = 9F6E31E529549B5E00523739 /* Colors+Custom.swift */; };
		9F6E31E92954A44C00523739 /* NetworkService.swift in Sources */ = {isa = PBXBuildFile; fileRef = 9F6E31E82954A44C00523739 /* NetworkService.swift */; };
		9F6E31EB2954A46F00523739 /* Endpoints.swift in Sources */ = {isa = PBXBuildFile; fileRef = 9F6E31EA2954A46F00523739 /* Endpoints.swift */; };
		9F6E31EE2954B10F00523739 /* LocalAreaViewModel.swift in Sources */ = {isa = PBXBuildFile; fileRef = 9F6E31ED2954B10F00523739 /* LocalAreaViewModel.swift */; };
		9F6E31F22954B26100523739 /* Responses.swift in Sources */ = {isa = PBXBuildFile; fileRef = 9F6E31F12954B26100523739 /* Responses.swift */; };
		9F6E31F42954B92A00523739 /* AreaView.swift in Sources */ = {isa = PBXBuildFile; fileRef = 9F6E31F32954B92A00523739 /* AreaView.swift */; };
		9F6E31F62954BB9900523739 /* RegionalAreaViewModel.swift in Sources */ = {isa = PBXBuildFile; fileRef = 9F6E31F52954BB9900523739 /* RegionalAreaViewModel.swift */; };
		9F6E31F82954BCE400523739 /* GlobalViewModel.swift in Sources */ = {isa = PBXBuildFile; fileRef = 9F6E31F72954BCE400523739 /* GlobalViewModel.swift */; };
		9F6E31FA2954CDF100523739 /* Color+Hex.swift in Sources */ = {isa = PBXBuildFile; fileRef = 9F6E31F92954CDF100523739 /* Color+Hex.swift */; };
		9F6E31FC2954DA8E00523739 /* AreaPackagesView.swift in Sources */ = {isa = PBXBuildFile; fileRef = 9F6E31FB2954DA8E00523739 /* AreaPackagesView.swift */; };
		9F6E32012954E1EF00523739 /* ViewModelError.swift in Sources */ = {isa = PBXBuildFile; fileRef = 9F6E32002954E1EF00523739 /* ViewModelError.swift */; };
		9F6E32032954E5C900523739 /* Double+Price.swift in Sources */ = {isa = PBXBuildFile; fileRef = 9F6E32022954E5C900523739 /* Double+Price.swift */; };
		9F6E32072954E9E500523739 /* RegionalAreaDetailView.swift in Sources */ = {isa = PBXBuildFile; fileRef = 9F6E32062954E9E500523739 /* RegionalAreaDetailView.swift */; };
		9F6E32092954EA0A00523739 /* LocalAreaDetailView.swift in Sources */ = {isa = PBXBuildFile; fileRef = 9F6E32082954EA0A00523739 /* LocalAreaDetailView.swift */; };
		9F6E320B2954EA2F00523739 /* LocalAreaDetailViewModel.swift in Sources */ = {isa = PBXBuildFile; fileRef = 9F6E320A2954EA2F00523739 /* LocalAreaDetailViewModel.swift */; };
		9F6E320D2954EA4100523739 /* RegionalAreaDetailViewModel.swift in Sources */ = {isa = PBXBuildFile; fileRef = 9F6E320C2954EA4100523739 /* RegionalAreaDetailViewModel.swift */; };
		9FE8329B2952036000CF16C6 /* AiraloCloneApp.swift in Sources */ = {isa = PBXBuildFile; fileRef = 9FE8329A2952036000CF16C6 /* AiraloCloneApp.swift */; };
		9FE8329D2952036000CF16C6 /* ContentView.swift in Sources */ = {isa = PBXBuildFile; fileRef = 9FE8329C2952036000CF16C6 /* ContentView.swift */; };
		9FE8329F2952036200CF16C6 /* Assets.xcassets in Resources */ = {isa = PBXBuildFile; fileRef = 9FE8329E2952036200CF16C6 /* Assets.xcassets */; };
		9FE832A22952036200CF16C6 /* Preview Assets.xcassets in Resources */ = {isa = PBXBuildFile; fileRef = 9FE832A12952036200CF16C6 /* Preview Assets.xcassets */; };
		9FE832A92952064D00CF16C6 /* StoreView.swift in Sources */ = {isa = PBXBuildFile; fileRef = 9FE832A82952064D00CF16C6 /* StoreView.swift */; };
		9FE832AB295208CB00CF16C6 /* LocalAreaView.swift in Sources */ = {isa = PBXBuildFile; fileRef = 9FE832AA295208CB00CF16C6 /* LocalAreaView.swift */; };
		9FE832AD29520A8700CF16C6 /* TopTabView.swift in Sources */ = {isa = PBXBuildFile; fileRef = 9FE832AC29520A8700CF16C6 /* TopTabView.swift */; };
		9FE832B62953021600CF16C6 /* AreaItemView.swift in Sources */ = {isa = PBXBuildFile; fileRef = 9FE832B52953021600CF16C6 /* AreaItemView.swift */; };
		9FE832B9295303CF00CF16C6 /* RegionalAreaView.swift in Sources */ = {isa = PBXBuildFile; fileRef = 9FE832B8295303CF00CF16C6 /* RegionalAreaView.swift */; };
		9FE832C2295305A900CF16C6 /* GlobalView.swift in Sources */ = {isa = PBXBuildFile; fileRef = 9FE832C1295305A900CF16C6 /* GlobalView.swift */; };
		9FE832C6295352D600CF16C6 /* PackageItemView.swift in Sources */ = {isa = PBXBuildFile; fileRef = 9FE832C5295352D600CF16C6 /* PackageItemView.swift */; };
		9FE832C82953541B00CF16C6 /* PackagesView.swift in Sources */ = {isa = PBXBuildFile; fileRef = 9FE832C72953541B00CF16C6 /* PackagesView.swift */; };
/* End PBXBuildFile section */

/* Begin PBXFileReference section */
		9F6E31C02954589400523739 /* IBMPlexSans-Medium.ttf */ = {isa = PBXFileReference; lastKnownFileType = file; path = "IBMPlexSans-Medium.ttf"; sourceTree = "<group>"; };
		9F6E31C42954589400523739 /* IBMPlexSans-SemiBold.ttf */ = {isa = PBXFileReference; lastKnownFileType = file; path = "IBMPlexSans-SemiBold.ttf"; sourceTree = "<group>"; };
		9F6E31C62954589400523739 /* IBMPlexSans-Regular.ttf */ = {isa = PBXFileReference; lastKnownFileType = file; path = "IBMPlexSans-Regular.ttf"; sourceTree = "<group>"; };
		9F6E31D9295458D500523739 /* Info.plist */ = {isa = PBXFileReference; lastKnownFileType = text.plist; path = Info.plist; sourceTree = "<group>"; };
		9F6E31DB295490BC00523739 /* AreaModel.swift */ = {isa = PBXFileReference; lastKnownFileType = sourcecode.swift; path = AreaModel.swift; sourceTree = "<group>"; };
		9F6E31DD295490F400523739 /* PackageModel.swift */ = {isa = PBXFileReference; lastKnownFileType = sourcecode.swift; path = PackageModel.swift; sourceTree = "<group>"; };
		9F6E31E3295498DA00523739 /* Fonts+Custom.swift */ = {isa = PBXFileReference; lastKnownFileType = sourcecode.swift; path = "Fonts+Custom.swift"; sourceTree = "<group>"; };
		9F6E31E529549B5E00523739 /* Colors+Custom.swift */ = {isa = PBXFileReference; lastKnownFileType = sourcecode.swift; path = "Colors+Custom.swift"; sourceTree = "<group>"; };
		9F6E31E82954A44C00523739 /* NetworkService.swift */ = {isa = PBXFileReference; lastKnownFileType = sourcecode.swift; path = NetworkService.swift; sourceTree = "<group>"; };
		9F6E31EA2954A46F00523739 /* Endpoints.swift */ = {isa = PBXFileReference; lastKnownFileType = sourcecode.swift; path = Endpoints.swift; sourceTree = "<group>"; };
		9F6E31ED2954B10F00523739 /* LocalAreaViewModel.swift */ = {isa = PBXFileReference; lastKnownFileType = sourcecode.swift; path = LocalAreaViewModel.swift; sourceTree = "<group>"; };
		9F6E31F12954B26100523739 /* Responses.swift */ = {isa = PBXFileReference; lastKnownFileType = sourcecode.swift; path = Responses.swift; sourceTree = "<group>"; };
		9F6E31F32954B92A00523739 /* AreaView.swift */ = {isa = PBXFileReference; lastKnownFileType = sourcecode.swift; path = AreaView.swift; sourceTree = "<group>"; };
		9F6E31F52954BB9900523739 /* RegionalAreaViewModel.swift */ = {isa = PBXFileReference; lastKnownFileType = sourcecode.swift; path = RegionalAreaViewModel.swift; sourceTree = "<group>"; };
		9F6E31F72954BCE400523739 /* GlobalViewModel.swift */ = {isa = PBXFileReference; lastKnownFileType = sourcecode.swift; path = GlobalViewModel.swift; sourceTree = "<group>"; };
		9F6E31F92954CDF100523739 /* Color+Hex.swift */ = {isa = PBXFileReference; lastKnownFileType = sourcecode.swift; path = "Color+Hex.swift"; sourceTree = "<group>"; };
		9F6E31FB2954DA8E00523739 /* AreaPackagesView.swift */ = {isa = PBXFileReference; lastKnownFileType = sourcecode.swift; path = AreaPackagesView.swift; sourceTree = "<group>"; };
		9F6E32002954E1EF00523739 /* ViewModelError.swift */ = {isa = PBXFileReference; lastKnownFileType = sourcecode.swift; path = ViewModelError.swift; sourceTree = "<group>"; };
		9F6E32022954E5C900523739 /* Double+Price.swift */ = {isa = PBXFileReference; lastKnownFileType = sourcecode.swift; path = "Double+Price.swift"; sourceTree = "<group>"; };
		9F6E32062954E9E500523739 /* RegionalAreaDetailView.swift */ = {isa = PBXFileReference; lastKnownFileType = sourcecode.swift; path = RegionalAreaDetailView.swift; sourceTree = "<group>"; };
		9F6E32082954EA0A00523739 /* LocalAreaDetailView.swift */ = {isa = PBXFileReference; lastKnownFileType = sourcecode.swift; path = LocalAreaDetailView.swift; sourceTree = "<group>"; };
		9F6E320A2954EA2F00523739 /* LocalAreaDetailViewModel.swift */ = {isa = PBXFileReference; lastKnownFileType = sourcecode.swift; path = LocalAreaDetailViewModel.swift; sourceTree = "<group>"; };
		9F6E320C2954EA4100523739 /* RegionalAreaDetailViewModel.swift */ = {isa = PBXFileReference; lastKnownFileType = sourcecode.swift; path = RegionalAreaDetailViewModel.swift; sourceTree = "<group>"; };
		9FE832972952036000CF16C6 /* AiraloClone.app */ = {isa = PBXFileReference; explicitFileType = wrapper.application; includeInIndex = 0; path = AiraloClone.app; sourceTree = BUILT_PRODUCTS_DIR; };
		9FE8329A2952036000CF16C6 /* AiraloCloneApp.swift */ = {isa = PBXFileReference; lastKnownFileType = sourcecode.swift; path = AiraloCloneApp.swift; sourceTree = "<group>"; };
		9FE8329C2952036000CF16C6 /* ContentView.swift */ = {isa = PBXFileReference; lastKnownFileType = sourcecode.swift; path = ContentView.swift; sourceTree = "<group>"; };
		9FE8329E2952036200CF16C6 /* Assets.xcassets */ = {isa = PBXFileReference; lastKnownFileType = folder.assetcatalog; path = Assets.xcassets; sourceTree = "<group>"; };
		9FE832A12952036200CF16C6 /* Preview Assets.xcassets */ = {isa = PBXFileReference; lastKnownFileType = folder.assetcatalog; path = "Preview Assets.xcassets"; sourceTree = "<group>"; };
		9FE832A82952064D00CF16C6 /* StoreView.swift */ = {isa = PBXFileReference; lastKnownFileType = sourcecode.swift; path = StoreView.swift; sourceTree = "<group>"; };
		9FE832AA295208CB00CF16C6 /* LocalAreaView.swift */ = {isa = PBXFileReference; lastKnownFileType = sourcecode.swift; path = LocalAreaView.swift; sourceTree = "<group>"; };
		9FE832AC29520A8700CF16C6 /* TopTabView.swift */ = {isa = PBXFileReference; lastKnownFileType = sourcecode.swift; path = TopTabView.swift; sourceTree = "<group>"; };
		9FE832B52953021600CF16C6 /* AreaItemView.swift */ = {isa = PBXFileReference; lastKnownFileType = sourcecode.swift; path = AreaItemView.swift; sourceTree = "<group>"; };
		9FE832B8295303CF00CF16C6 /* RegionalAreaView.swift */ = {isa = PBXFileReference; lastKnownFileType = sourcecode.swift; path = RegionalAreaView.swift; sourceTree = "<group>"; };
		9FE832C1295305A900CF16C6 /* GlobalView.swift */ = {isa = PBXFileReference; lastKnownFileType = sourcecode.swift; path = GlobalView.swift; sourceTree = "<group>"; };
		9FE832C5295352D600CF16C6 /* PackageItemView.swift */ = {isa = PBXFileReference; lastKnownFileType = sourcecode.swift; path = PackageItemView.swift; sourceTree = "<group>"; };
		9FE832C72953541B00CF16C6 /* PackagesView.swift */ = {isa = PBXFileReference; lastKnownFileType = sourcecode.swift; path = PackagesView.swift; sourceTree = "<group>"; };
/* End PBXFileReference section */

/* Begin PBXFrameworksBuildPhase section */
		9FE832942952036000CF16C6 /* Frameworks */ = {
			isa = PBXFrameworksBuildPhase;
			buildActionMask = 2147483647;
			files = (
			);
			runOnlyForDeploymentPostprocessing = 0;
		};
/* End PBXFrameworksBuildPhase section */

/* Begin PBXGroup section */
		9F6E31BC2954588300523739 /* Fonts */ = {
			isa = PBXGroup;
			children = (
				9F6E31C02954589400523739 /* IBMPlexSans-Medium.ttf */,
				9F6E31C62954589400523739 /* IBMPlexSans-Regular.ttf */,
				9F6E31C42954589400523739 /* IBMPlexSans-SemiBold.ttf */,
			);
			path = Fonts;
			sourceTree = "<group>";
		};
		9F6E31DA2954905E00523739 /* Models */ = {
			isa = PBXGroup;
			children = (
				9F6E31DB295490BC00523739 /* AreaModel.swift */,
				9F6E31DD295490F400523739 /* PackageModel.swift */,
			);
			path = Models;
			sourceTree = "<group>";
		};
		9F6E31E2295498C900523739 /* Extensions */ = {
			isa = PBXGroup;
			children = (
				9F6E31E3295498DA00523739 /* Fonts+Custom.swift */,
				9F6E31E529549B5E00523739 /* Colors+Custom.swift */,
				9F6E31F92954CDF100523739 /* Color+Hex.swift */,
				9F6E32022954E5C900523739 /* Double+Price.swift */,
			);
			path = Extensions;
			sourceTree = "<group>";
		};
		9F6E31E72954A33000523739 /* Services */ = {
			isa = PBXGroup;
			children = (
				9F6E31E82954A44C00523739 /* NetworkService.swift */,
				9F6E31EA2954A46F00523739 /* Endpoints.swift */,
				9F6E31F12954B26100523739 /* Responses.swift */,
			);
			path = Services;
			sourceTree = "<group>";
		};
		9F6E31EC2954B0AF00523739 /* ViewModels */ = {
			isa = PBXGroup;
			children = (
				9F6E31ED2954B10F00523739 /* LocalAreaViewModel.swift */,
				9F6E320A2954EA2F00523739 /* LocalAreaDetailViewModel.swift */,
				9F6E31F52954BB9900523739 /* RegionalAreaViewModel.swift */,
				9F6E320C2954EA4100523739 /* RegionalAreaDetailViewModel.swift */,
				9F6E31F72954BCE400523739 /* GlobalViewModel.swift */,
			);
			path = ViewModels;
			sourceTree = "<group>";
		};
		9F6E31FF2954E1D200523739 /* Common */ = {
			isa = PBXGroup;
			children = (
				9F6E32002954E1EF00523739 /* ViewModelError.swift */,
			);
			path = Common;
			sourceTree = "<group>";
		};
		9FE8328E2952036000CF16C6 = {
			isa = PBXGroup;
			children = (
				9FE832992952036000CF16C6 /* AiraloClone */,
				9FE832982952036000CF16C6 /* Products */,
			);
			sourceTree = "<group>";
		};
		9FE832982952036000CF16C6 /* Products */ = {
			isa = PBXGroup;
			children = (
				9FE832972952036000CF16C6 /* AiraloClone.app */,
			);
			name = Products;
			sourceTree = "<group>";
		};
		9FE832992952036000CF16C6 /* AiraloClone */ = {
			isa = PBXGroup;
			children = (
				9F6E31D9295458D500523739 /* Info.plist */,
				9F6E31E2295498C900523739 /* Extensions */,
				9F6E31BC2954588300523739 /* Fonts */,
				9F6E31FF2954E1D200523739 /* Common */,
				9FE832B7295303A500CF16C6 /* CommonViews */,
				9F6E31E72954A33000523739 /* Services */,
				9FE832AE29523E4600CF16C6 /* Views */,
				9F6E31EC2954B0AF00523739 /* ViewModels */,
				9F6E31DA2954905E00523739 /* Models */,
				9FE8329A2952036000CF16C6 /* AiraloCloneApp.swift */,
				9FE8329E2952036200CF16C6 /* Assets.xcassets */,
				9FE832A02952036200CF16C6 /* Preview Content */,
			);
			path = AiraloClone;
			sourceTree = "<group>";
		};
		9FE832A02952036200CF16C6 /* Preview Content */ = {
			isa = PBXGroup;
			children = (
				9FE832A12952036200CF16C6 /* Preview Assets.xcassets */,
			);
			path = "Preview Content";
			sourceTree = "<group>";
		};
		9FE832AE29523E4600CF16C6 /* Views */ = {
			isa = PBXGroup;
			children = (
				9FE832AA295208CB00CF16C6 /* LocalAreaView.swift */,
				9F6E32082954EA0A00523739 /* LocalAreaDetailView.swift */,
				9FE832B8295303CF00CF16C6 /* RegionalAreaView.swift */,
				9F6E32062954E9E500523739 /* RegionalAreaDetailView.swift */,
				9FE832C1295305A900CF16C6 /* GlobalView.swift */,
				9FE832A82952064D00CF16C6 /* StoreView.swift */,
				9FE832AC29520A8700CF16C6 /* TopTabView.swift */,
				9FE8329C2952036000CF16C6 /* ContentView.swift */,
			);
			path = Views;
			sourceTree = "<group>";
		};
		9FE832B7295303A500CF16C6 /* CommonViews */ = {
			isa = PBXGroup;
			children = (
				9F6E31F32954B92A00523739 /* AreaView.swift */,
				9FE832B52953021600CF16C6 /* AreaItemView.swift */,
				9F6E31FB2954DA8E00523739 /* AreaPackagesView.swift */,
				9FE832C72953541B00CF16C6 /* PackagesView.swift */,
				9FE832C5295352D600CF16C6 /* PackageItemView.swift */,
			);
			path = CommonViews;
			sourceTree = "<group>";
		};
/* End PBXGroup section */

/* Begin PBXNativeTarget section */
		9FE832962952036000CF16C6 /* AiraloClone */ = {
			isa = PBXNativeTarget;
			buildConfigurationList = 9FE832A52952036200CF16C6 /* Build configuration list for PBXNativeTarget "AiraloClone" */;
			buildPhases = (
				9FE832932952036000CF16C6 /* Sources */,
				9FE832942952036000CF16C6 /* Frameworks */,
				9FE832952952036000CF16C6 /* Resources */,
			);
			buildRules = (
			);
			dependencies = (
			);
			name = AiraloClone;
			productName = AiraloClone;
			productReference = 9FE832972952036000CF16C6 /* AiraloClone.app */;
			productType = "com.apple.product-type.application";
		};
/* End PBXNativeTarget section */

/* Begin PBXProject section */
		9FE8328F2952036000CF16C6 /* Project object */ = {
			isa = PBXProject;
			attributes = {
				BuildIndependentTargetsInParallel = 1;
				LastSwiftUpdateCheck = 1400;
				LastUpgradeCheck = 1400;
				TargetAttributes = {
					9FE832962952036000CF16C6 = {
						CreatedOnToolsVersion = 14.0;
					};
				};
			};
			buildConfigurationList = 9FE832922952036000CF16C6 /* Build configuration list for PBXProject "AiraloClone" */;
			compatibilityVersion = "Xcode 14.0";
			developmentRegion = en;
			hasScannedForEncodings = 0;
			knownRegions = (
				en,
				Base,
			);
			mainGroup = 9FE8328E2952036000CF16C6;
			productRefGroup = 9FE832982952036000CF16C6 /* Products */;
			projectDirPath = "";
			projectRoot = "";
			targets = (
				9FE832962952036000CF16C6 /* AiraloClone */,
			);
		};
/* End PBXProject section */

/* Begin PBXResourcesBuildPhase section */
		9FE832952952036000CF16C6 /* Resources */ = {
			isa = PBXResourcesBuildPhase;
			buildActionMask = 2147483647;
			files = (
				9F6E31D6295458AC00523739 /* IBMPlexSans-SemiBold.ttf in Resources */,
				9F6E31D4295458AC00523739 /* IBMPlexSans-Regular.ttf in Resources */,
				9FE832A22952036200CF16C6 /* Preview Assets.xcassets in Resources */,
				9FE8329F2952036200CF16C6 /* Assets.xcassets in Resources */,
				9F6E31CD295458AC00523739 /* IBMPlexSans-Medium.ttf in Resources */,
			);
			runOnlyForDeploymentPostprocessing = 0;
		};
/* End PBXResourcesBuildPhase section */

/* Begin PBXSourcesBuildPhase section */
		9FE832932952036000CF16C6 /* Sources */ = {
			isa = PBXSourcesBuildPhase;
			buildActionMask = 2147483647;
			files = (
				9F6E31E629549B5E00523739 /* Colors+Custom.swift in Sources */,
				9F6E31F82954BCE400523739 /* GlobalViewModel.swift in Sources */,
				9F6E31FC2954DA8E00523739 /* AreaPackagesView.swift in Sources */,
				9FE832C2295305A900CF16C6 /* GlobalView.swift in Sources */,
				9FE832AD29520A8700CF16C6 /* TopTabView.swift in Sources */,
				9F6E32032954E5C900523739 /* Double+Price.swift in Sources */,
				9F6E31EE2954B10F00523739 /* LocalAreaViewModel.swift in Sources */,
				9FE832AB295208CB00CF16C6 /* LocalAreaView.swift in Sources */,
				9F6E320D2954EA4100523739 /* RegionalAreaDetailViewModel.swift in Sources */,
				9F6E31DC295490BC00523739 /* AreaModel.swift in Sources */,
				9FE832C6295352D600CF16C6 /* PackageItemView.swift in Sources */,
				9F6E31F22954B26100523739 /* Responses.swift in Sources */,
				9F6E31FA2954CDF100523739 /* Color+Hex.swift in Sources */,
				9F6E31F62954BB9900523739 /* RegionalAreaViewModel.swift in Sources */,
				9FE8329D2952036000CF16C6 /* ContentView.swift in Sources */,
				9F6E31DE295490F400523739 /* PackageModel.swift in Sources */,
				9F6E31F42954B92A00523739 /* AreaView.swift in Sources */,
				9FE832B62953021600CF16C6 /* AreaItemView.swift in Sources */,
				9FE832B9295303CF00CF16C6 /* RegionalAreaView.swift in Sources */,
				9F6E31E92954A44C00523739 /* NetworkService.swift in Sources */,
				9FE832A92952064D00CF16C6 /* StoreView.swift in Sources */,
				9FE8329B2952036000CF16C6 /* AiraloCloneApp.swift in Sources */,
				9F6E32072954E9E500523739 /* RegionalAreaDetailView.swift in Sources */,
				9FE832C82953541B00CF16C6 /* PackagesView.swift in Sources */,
				9F6E32012954E1EF00523739 /* ViewModelError.swift in Sources */,
				9F6E320B2954EA2F00523739 /* LocalAreaDetailViewModel.swift in Sources */,
				9F6E31EB2954A46F00523739 /* Endpoints.swift in Sources */,
				9F6E32092954EA0A00523739 /* LocalAreaDetailView.swift in Sources */,
				9F6E31E4295498DA00523739 /* Fonts+Custom.swift in Sources */,
			);
			runOnlyForDeploymentPostprocessing = 0;
		};
/* End PBXSourcesBuildPhase section */

/* Begin XCBuildConfiguration section */
		9FE832A32952036200CF16C6 /* Debug */ = {
			isa = XCBuildConfiguration;
			buildSettings = {
				ALWAYS_SEARCH_USER_PATHS = NO;
				CLANG_ANALYZER_NONNULL = YES;
				CLANG_ANALYZER_NUMBER_OBJECT_CONVERSION = YES_AGGRESSIVE;
				CLANG_CXX_LANGUAGE_STANDARD = "gnu++20";
				CLANG_ENABLE_MODULES = YES;
				CLANG_ENABLE_OBJC_ARC = YES;
				CLANG_ENABLE_OBJC_WEAK = YES;
				CLANG_WARN_BLOCK_CAPTURE_AUTORELEASING = YES;
				CLANG_WARN_BOOL_CONVERSION = YES;
				CLANG_WARN_COMMA = YES;
				CLANG_WARN_CONSTANT_CONVERSION = YES;
				CLANG_WARN_DEPRECATED_OBJC_IMPLEMENTATIONS = YES;
				CLANG_WARN_DIRECT_OBJC_ISA_USAGE = YES_ERROR;
				CLANG_WARN_DOCUMENTATION_COMMENTS = YES;
				CLANG_WARN_EMPTY_BODY = YES;
				CLANG_WARN_ENUM_CONVERSION = YES;
				CLANG_WARN_INFINITE_RECURSION = YES;
				CLANG_WARN_INT_CONVERSION = YES;
				CLANG_WARN_NON_LITERAL_NULL_CONVERSION = YES;
				CLANG_WARN_OBJC_IMPLICIT_RETAIN_SELF = YES;
				CLANG_WARN_OBJC_LITERAL_CONVERSION = YES;
				CLANG_WARN_OBJC_ROOT_CLASS = YES_ERROR;
				CLANG_WARN_QUOTED_INCLUDE_IN_FRAMEWORK_HEADER = YES;
				CLANG_WARN_RANGE_LOOP_ANALYSIS = YES;
				CLANG_WARN_STRICT_PROTOTYPES = YES;
				CLANG_WARN_SUSPICIOUS_MOVE = YES;
				CLANG_WARN_UNGUARDED_AVAILABILITY = YES_AGGRESSIVE;
				CLANG_WARN_UNREACHABLE_CODE = YES;
				CLANG_WARN__DUPLICATE_METHOD_MATCH = YES;
				COPY_PHASE_STRIP = NO;
				DEBUG_INFORMATION_FORMAT = dwarf;
				ENABLE_STRICT_OBJC_MSGSEND = YES;
				ENABLE_TESTABILITY = YES;
				GCC_C_LANGUAGE_STANDARD = gnu11;
				GCC_DYNAMIC_NO_PIC = NO;
				GCC_NO_COMMON_BLOCKS = YES;
				GCC_OPTIMIZATION_LEVEL = 0;
				GCC_PREPROCESSOR_DEFINITIONS = (
					"DEBUG=1",
					"$(inherited)",
				);
				GCC_WARN_64_TO_32_BIT_CONVERSION = YES;
				GCC_WARN_ABOUT_RETURN_TYPE = YES_ERROR;
				GCC_WARN_UNDECLARED_SELECTOR = YES;
				GCC_WARN_UNINITIALIZED_AUTOS = YES_AGGRESSIVE;
				GCC_WARN_UNUSED_FUNCTION = YES;
				GCC_WARN_UNUSED_VARIABLE = YES;
				IPHONEOS_DEPLOYMENT_TARGET = 16.0;
				MTL_ENABLE_DEBUG_INFO = INCLUDE_SOURCE;
				MTL_FAST_MATH = YES;
				ONLY_ACTIVE_ARCH = YES;
				SDKROOT = iphoneos;
				SWIFT_ACTIVE_COMPILATION_CONDITIONS = DEBUG;
				SWIFT_OPTIMIZATION_LEVEL = "-Onone";
			};
			name = Debug;
		};
		9FE832A42952036200CF16C6 /* Release */ = {
			isa = XCBuildConfiguration;
			buildSettings = {
				ALWAYS_SEARCH_USER_PATHS = NO;
				CLANG_ANALYZER_NONNULL = YES;
				CLANG_ANALYZER_NUMBER_OBJECT_CONVERSION = YES_AGGRESSIVE;
				CLANG_CXX_LANGUAGE_STANDARD = "gnu++20";
				CLANG_ENABLE_MODULES = YES;
				CLANG_ENABLE_OBJC_ARC = YES;
				CLANG_ENABLE_OBJC_WEAK = YES;
				CLANG_WARN_BLOCK_CAPTURE_AUTORELEASING = YES;
				CLANG_WARN_BOOL_CONVERSION = YES;
				CLANG_WARN_COMMA = YES;
				CLANG_WARN_CONSTANT_CONVERSION = YES;
				CLANG_WARN_DEPRECATED_OBJC_IMPLEMENTATIONS = YES;
				CLANG_WARN_DIRECT_OBJC_ISA_USAGE = YES_ERROR;
				CLANG_WARN_DOCUMENTATION_COMMENTS = YES;
				CLANG_WARN_EMPTY_BODY = YES;
				CLANG_WARN_ENUM_CONVERSION = YES;
				CLANG_WARN_INFINITE_RECURSION = YES;
				CLANG_WARN_INT_CONVERSION = YES;
				CLANG_WARN_NON_LITERAL_NULL_CONVERSION = YES;
				CLANG_WARN_OBJC_IMPLICIT_RETAIN_SELF = YES;
				CLANG_WARN_OBJC_LITERAL_CONVERSION = YES;
				CLANG_WARN_OBJC_ROOT_CLASS = YES_ERROR;
				CLANG_WARN_QUOTED_INCLUDE_IN_FRAMEWORK_HEADER = YES;
				CLANG_WARN_RANGE_LOOP_ANALYSIS = YES;
				CLANG_WARN_STRICT_PROTOTYPES = YES;
				CLANG_WARN_SUSPICIOUS_MOVE = YES;
				CLANG_WARN_UNGUARDED_AVAILABILITY = YES_AGGRESSIVE;
				CLANG_WARN_UNREACHABLE_CODE = YES;
				CLANG_WARN__DUPLICATE_METHOD_MATCH = YES;
				COPY_PHASE_STRIP = NO;
				DEBUG_INFORMATION_FORMAT = "dwarf-with-dsym";
				ENABLE_NS_ASSERTIONS = NO;
				ENABLE_STRICT_OBJC_MSGSEND = YES;
				GCC_C_LANGUAGE_STANDARD = gnu11;
				GCC_NO_COMMON_BLOCKS = YES;
				GCC_WARN_64_TO_32_BIT_CONVERSION = YES;
				GCC_WARN_ABOUT_RETURN_TYPE = YES_ERROR;
				GCC_WARN_UNDECLARED_SELECTOR = YES;
				GCC_WARN_UNINITIALIZED_AUTOS = YES_AGGRESSIVE;
				GCC_WARN_UNUSED_FUNCTION = YES;
				GCC_WARN_UNUSED_VARIABLE = YES;
				IPHONEOS_DEPLOYMENT_TARGET = 16.0;
				MTL_ENABLE_DEBUG_INFO = NO;
				MTL_FAST_MATH = YES;
				SDKROOT = iphoneos;
				SWIFT_COMPILATION_MODE = wholemodule;
				SWIFT_OPTIMIZATION_LEVEL = "-O";
				VALIDATE_PRODUCT = YES;
			};
			name = Release;
		};
		9FE832A62952036200CF16C6 /* Debug */ = {
			isa = XCBuildConfiguration;
			buildSettings = {
				ASSETCATALOG_COMPILER_APPICON_NAME = AppIcon;
				ASSETCATALOG_COMPILER_GLOBAL_ACCENT_COLOR_NAME = AccentColor;
				CODE_SIGN_STYLE = Automatic;
				CURRENT_PROJECT_VERSION = 1;
				DEVELOPMENT_ASSET_PATHS = "\"AiraloClone/Preview Content\"";
				DEVELOPMENT_TEAM = E6KB8WYCTF;
				ENABLE_PREVIEWS = YES;
				GENERATE_INFOPLIST_FILE = YES;
				INFOPLIST_FILE = AiraloClone/Info.plist;
				INFOPLIST_KEY_UIApplicationSceneManifest_Generation = YES;
				INFOPLIST_KEY_UIApplicationSupportsIndirectInputEvents = YES;
				INFOPLIST_KEY_UILaunchScreen_Generation = YES;
				INFOPLIST_KEY_UISupportedInterfaceOrientations_iPad = "UIInterfaceOrientationPortrait UIInterfaceOrientationPortraitUpsideDown UIInterfaceOrientationLandscapeLeft UIInterfaceOrientationLandscapeRight";
				INFOPLIST_KEY_UISupportedInterfaceOrientations_iPhone = "UIInterfaceOrientationPortrait UIInterfaceOrientationLandscapeLeft UIInterfaceOrientationLandscapeRight";
				LD_RUNPATH_SEARCH_PATHS = (
					"$(inherited)",
					"@executable_path/Frameworks",
				);
				MARKETING_VERSION = 1.0;
				PRODUCT_BUNDLE_IDENTIFIER = com.shimonazulay.AiraloClone;
				PRODUCT_NAME = "$(TARGET_NAME)";
				SWIFT_EMIT_LOC_STRINGS = YES;
				SWIFT_VERSION = 5.0;
				TARGETED_DEVICE_FAMILY = "1,2";
			};
			name = Debug;
		};
		9FE832A72952036200CF16C6 /* Release */ = {
			isa = XCBuildConfiguration;
			buildSettings = {
				ASSETCATALOG_COMPILER_APPICON_NAME = AppIcon;
				ASSETCATALOG_COMPILER_GLOBAL_ACCENT_COLOR_NAME = AccentColor;
				CODE_SIGN_STYLE = Automatic;
				CURRENT_PROJECT_VERSION = 1;
				DEVELOPMENT_ASSET_PATHS = "\"AiraloClone/Preview Content\"";
				DEVELOPMENT_TEAM = E6KB8WYCTF;
				ENABLE_PREVIEWS = YES;
				GENERATE_INFOPLIST_FILE = YES;
				INFOPLIST_FILE = AiraloClone/Info.plist;
				INFOPLIST_KEY_UIApplicationSceneManifest_Generation = YES;
				INFOPLIST_KEY_UIApplicationSupportsIndirectInputEvents = YES;
				INFOPLIST_KEY_UILaunchScreen_Generation = YES;
				INFOPLIST_KEY_UISupportedInterfaceOrientations_iPad = "UIInterfaceOrientationPortrait UIInterfaceOrientationPortraitUpsideDown UIInterfaceOrientationLandscapeLeft UIInterfaceOrientationLandscapeRight";
				INFOPLIST_KEY_UISupportedInterfaceOrientations_iPhone = "UIInterfaceOrientationPortrait UIInterfaceOrientationLandscapeLeft UIInterfaceOrientationLandscapeRight";
				LD_RUNPATH_SEARCH_PATHS = (
					"$(inherited)",
					"@executable_path/Frameworks",
				);
				MARKETING_VERSION = 1.0;
				PRODUCT_BUNDLE_IDENTIFIER = com.shimonazulay.AiraloClone;
				PRODUCT_NAME = "$(TARGET_NAME)";
				SWIFT_EMIT_LOC_STRINGS = YES;
				SWIFT_VERSION = 5.0;
				TARGETED_DEVICE_FAMILY = "1,2";
			};
			name = Release;
		};
/* End XCBuildConfiguration section */

/* Begin XCConfigurationList section */
		9FE832922952036000CF16C6 /* Build configuration list for PBXProject "AiraloClone" */ = {
			isa = XCConfigurationList;
			buildConfigurations = (
				9FE832A32952036200CF16C6 /* Debug */,
				9FE832A42952036200CF16C6 /* Release */,
			);
			defaultConfigurationIsVisible = 0;
			defaultConfigurationName = Release;
		};
		9FE832A52952036200CF16C6 /* Build configuration list for PBXNativeTarget "AiraloClone" */ = {
			isa = XCConfigurationList;
			buildConfigurations = (
				9FE832A62952036200CF16C6 /* Debug */,
				9FE832A72952036200CF16C6 /* Release */,
			);
			defaultConfigurationIsVisible = 0;
			defaultConfigurationName = Release;
		};
/* End XCConfigurationList section */
	};
	rootObject = 9FE8328F2952036000CF16C6 /* Project object */;
}
